{
  "name": "javascript-method-parser",
  "version": "1.0.0",
  "lockfileVersion": 3,
  "requires": true,
  "packages": {
    "": {
      "name": "javascript-method-parser",
      "version": "1.0.0",
      "license": "MIT",
      "dependencies": {
        "acorn": "^8.11.3",
        "csv-parser": "^3.2.0",
        "csv-writer": "^1.6.0",
        "gpt-3-encoder": "^1.1.4",
        "openai": "^5.8.3",
        "tiktoken-node": "^0.0.7"
      },
      "engines": {
        "node": ">=14.0.0"
      }
    },
    "node_modules/acorn": {
      "version": "8.15.0",
      "resolved": "https://registry.npmjs.org/acorn/-/acorn-8.15.0.tgz",
      "integrity": "sha512-NZyJarBfL7nWwIq+FDL6Zp/yHEhePMNnnJ0y3qfieCrmNvYct8uvtiV41UvlSe6apAfk0fY1FbWx+NwfmpvtTg==",
      "license": "MIT",
      "bin": {
        "acorn": "bin/acorn"
      },
      "engines": {
        "node": ">=0.4.0"
      }
    },
    "node_modules/csv-parser": {
      "version": "3.2.0",
      "resolved": "https://registry.npmjs.org/csv-parser/-/csv-parser-3.2.0.tgz",
      "integrity": "sha512-fgKbp+AJbn1h2dcAHKIdKNSSjfp43BZZykXsCjzALjKy80VXQNHPFJ6T9Afwdzoj24aMkq8GwDS7KGcDPpejrA==",
      "license": "MIT",
      "bin": {
        "csv-parser": "bin/csv-parser"
      },
      "engines": {
        "node": ">= 10"
      }
    },
    "node_modules/csv-writer": {
      "version": "1.6.0",
      "resolved": "https://registry.npmjs.org/csv-writer/-/csv-writer-1.6.0.tgz",
      "integrity": "sha512-NOx7YDFWEsM/fTRAJjRpPp8t+MKRVvniAg9wQlUKx20MFrPs73WLJhFf5iteqrxNYnsy924K3Iroh3yNHeYd2g==",
      "license": "MIT"
    },
    "node_modules/gpt-3-encoder": {
      "version": "1.1.4",
      "resolved": "https://registry.npmjs.org/gpt-3-encoder/-/gpt-3-encoder-1.1.4.tgz",
      "integrity": "sha512-fSQRePV+HUAhCn7+7HL7lNIXNm6eaFWFbNLOOGtmSJ0qJycyQvj60OvRlH7mee8xAMjBDNRdMXlMwjAbMTDjkg==",
      "license": "MIT"
    },
    "node_modules/openai": {
      "version": "5.8.3",
      "resolved": "https://registry.npmjs.org/openai/-/openai-5.8.3.tgz",
      "integrity": "sha512-IdotKmquCnpouTRvF9xRXVhMx6K5Sc8zkD6Usf+so+NTQ+qiJ8bLSCd7LBb8b/Rof7uYltlSxJhNp+spphKI4Q==",
      "license": "Apache-2.0",
      "bin": {
        "openai": "bin/cli"
      },
      "peerDependencies": {
        "ws": "^8.18.0",
        "zod": "^3.23.8"
      },
      "peerDependenciesMeta": {
        "ws": {
          "optional": true
        },
        "zod": {
          "optional": true
        }
      }
    },
    "node_modules/tiktoken-node": {
      "version": "0.0.7",
      "resolved": "https://registry.npmjs.org/tiktoken-node/-/tiktoken-node-0.0.7.tgz",
      "integrity": "sha512-eYtUh1jDLl7TXLj7HXujP+3IPkDieMl1G1HUsG52rysc91YoNw9IIeR4kNoISsc29mk+JDKQ7jEVRN07VOzaDQ==",
      "license": "MIT",
      "engines": {
        "node": ">= 14"
      }
    }
  }
}
